
Microsoft Visual Studio Solution File, Format Version 12.00
# Visual Studio 15
VisualStudioVersion = 15.0.27703.2035
MinimumVisualStudioVersion = 10.0.40219.1
Project("{FAE04EC0-301F-11D3-BF4B-00C04F79EFBC}") = "BuggyBlackLayout.Android", "BuggyBlackLayout\BuggyBlackLayout.Android\BuggyBlackLayout.Android.csproj", "{722EB968-2893-4641-8CA9-1DF541B29E0C}"
EndProject
Project("{FAE04EC0-301F-11D3-BF4B-00C04F79EFBC}") = "BuggyBlackLayout.iOS", "BuggyBlackLayout\BuggyBlackLayout.iOS\BuggyBlackLayout.iOS.csproj", "{60B68BD8-F071-441A-A499-C79368212FA0}"
EndProject
Project("{9A19103F-16F7-4668-BE54-9A1E7A4F7556}") = "BuggyBlackLayout", "BuggyBlackLayout\BuggyBlackLayout\BuggyBlackLayout.csproj", "{47DB2ACA-441A-4743-A544-132F8FEB325E}"
EndProject
Global
	GlobalSection(SolutionConfigurationPlatforms) = preSolution
		Ad-Hoc|Any CPU = Ad-Hoc|Any CPU
		Ad-Hoc|iPhone = Ad-Hoc|iPhone
		Ad-Hoc|iPhoneSimulator = Ad-Hoc|iPhoneSimulator
		AppStore|Any CPU = AppStore|Any CPU
		AppStore|iPhone = AppStore|iPhone
		AppStore|iPhoneSimulator = AppStore|iPhoneSimulator
		Debug|Any CPU = Debug|Any CPU
		Debug|iPhone = Debug|iPhone
		Debug|iPhoneSimulator = Debug|iPhoneSimulator
		Release|Any CPU = Release|Any CPU
		Release|iPhone = Release|iPhone
		Release|iPhoneSimulator = Release|iPhoneSimulator
	EndGlobalSection
	GlobalSection(ProjectConfigurationPlatforms) = postSolution
		{722EB968-2893-4641-8CA9-1DF541B29E0C}.Ad-Hoc|Any CPU.ActiveCfg = Release|Any CPU
		{722EB968-2893-4641-8CA9-1DF541B29E0C}.Ad-Hoc|Any CPU.Build.0 = Release|Any CPU
		{722EB968-2893-4641-8CA9-1DF541B29E0C}.Ad-Hoc|Any CPU.Deploy.0 = Release|Any CPU
		{722EB968-2893-4641-8CA9-1DF541B29E0C}.Ad-Hoc|iPhone.ActiveCfg = Release|Any CPU
		{722EB968-2893-4641-8CA9-1DF541B29E0C}.Ad-Hoc|iPhone.Build.0 = Release|Any CPU
		{722EB968-2893-4641-8CA9-1DF541B29E0C}.Ad-Hoc|iPhone.Deploy.0 = Release|Any CPU
		{722EB968-2893-4641-8CA9-1DF541B29E0C}.Ad-Hoc|iPhoneSimulator.ActiveCfg = Release|Any CPU
		{722EB968-2893-4641-8CA9-1DF541B29E0C}.Ad-Hoc|iPhoneSimulator.Build.0 = Release|Any CPU
		{722EB968-2893-4641-8CA9-1DF541B29E0C}.Ad-Hoc|iPhoneSimulator.Deploy.0 = Release|Any CPU
		{722EB968-2893-4641-8CA9-1DF541B29E0C}.AppStore|Any CPU.ActiveCfg = Release|Any CPU
		{722EB968-2893-4641-8CA9-1DF541B29E0C}.AppStore|Any CPU.Build.0 = Release|Any CPU
		{722EB968-2893-4641-8CA9-1DF541B29E0C}.AppStore|Any CPU.Deploy.0 = Release|Any CPU
		{722EB968-2893-4641-8CA9-1DF541B29E0C}.AppStore|iPhone.ActiveCfg = Release|Any CPU
		{722EB968-2893-4641-8CA9-1DF541B29E0C}.AppStore|iPhone.Build.0 = Release|Any CPU
		{722EB968-2893-4641-8CA9-1DF541B29E0C}.AppStore|iPhone.Deploy.0 = Release|Any CPU
		{722EB968-2893-4641-8CA9-1DF541B29E0C}.AppStore|iPhoneSimulator.ActiveCfg = Release|Any CPU
		{722EB968-2893-4641-8CA9-1DF541B29E0C}.AppStore|iPhoneSimulator.Build.0 = Release|Any CPU
		{722EB968-2893-4641-8CA9-1DF541B29E0C}.AppStore|iPhoneSimulator.Deploy.0 = Release|Any CPU
		{722EB968-2893-4641-8CA9-1DF541B29E0C}.Debug|Any CPU.ActiveCfg = Debug|Any CPU
		{722EB968-2893-4641-8CA9-1DF541B29E0C}.Debug|Any CPU.Build.0 = Debug|Any CPU
		{722EB968-2893-4641-8CA9-1DF541B29E0C}.Debug|Any CPU.Deploy.0 = Debug|Any CPU
		{722EB968-2893-4641-8CA9-1DF541B29E0C}.Debug|iPhone.ActiveCfg = Debug|Any CPU
		{722EB968-2893-4641-8CA9-1DF541B29E0C}.Debug|iPhone.Build.0 = Debug|Any CPU
		{722EB968-2893-4641-8CA9-1DF541B29E0C}.Debug|iPhone.Deploy.0 = Debug|Any CPU
		{722EB968-2893-4641-8CA9-1DF541B29E0C}.Debug|iPhoneSimulator.ActiveCfg = Debug|Any CPU
		{722EB968-2893-4641-8CA9-1DF541B29E0C}.Debug|iPhoneSimulator.Build.0 = Debug|Any CPU
		{722EB968-2893-4641-8CA9-1DF541B29E0C}.Debug|iPhoneSimulator.Deploy.0 = Debug|Any CPU
		{722EB968-2893-4641-8CA9-1DF541B29E0C}.Release|Any CPU.ActiveCfg = Release|Any CPU
		{722EB968-2893-4641-8CA9-1DF541B29E0C}.Release|Any CPU.Build.0 = Release|Any CPU
		{722EB968-2893-4641-8CA9-1DF541B29E0C}.Release|Any CPU.Deploy.0 = Release|Any CPU
		{722EB968-2893-4641-8CA9-1DF541B29E0C}.Release|iPhone.ActiveCfg = Release|Any CPU
		{722EB968-2893-4641-8CA9-1DF541B29E0C}.Release|iPhone.Build.0 = Release|Any CPU
		{722EB968-2893-4641-8CA9-1DF541B29E0C}.Release|iPhone.Deploy.0 = Release|Any CPU
		{722EB968-2893-4641-8CA9-1DF541B29E0C}.Release|iPhoneSimulator.ActiveCfg = Release|Any CPU
		{722EB968-2893-4641-8CA9-1DF541B29E0C}.Release|iPhoneSimulator.Build.0 = Release|Any CPU
		{722EB968-2893-4641-8CA9-1DF541B29E0C}.Release|iPhoneSimulator.Deploy.0 = Release|Any CPU
		{60B68BD8-F071-441A-A499-C79368212FA0}.Ad-Hoc|Any CPU.ActiveCfg = Ad-Hoc|iPhone
		{60B68BD8-F071-441A-A499-C79368212FA0}.Ad-Hoc|Any CPU.Build.0 = Ad-Hoc|iPhone
		{60B68BD8-F071-441A-A499-C79368212FA0}.Ad-Hoc|Any CPU.Deploy.0 = Ad-Hoc|iPhone
		{60B68BD8-F071-441A-A499-C79368212FA0}.Ad-Hoc|iPhone.ActiveCfg = Ad-Hoc|iPhone
		{60B68BD8-F071-441A-A499-C79368212FA0}.Ad-Hoc|iPhone.Build.0 = Ad-Hoc|iPhone
		{60B68BD8-F071-441A-A499-C79368212FA0}.Ad-Hoc|iPhone.Deploy.0 = Ad-Hoc|iPhone
		{60B68BD8-F071-441A-A499-C79368212FA0}.Ad-Hoc|iPhoneSimulator.ActiveCfg = Ad-Hoc|iPhoneSimulator
		{60B68BD8-F071-441A-A499-C79368212FA0}.Ad-Hoc|iPhoneSimulator.Build.0 = Ad-Hoc|iPhoneSimulator
		{60B68BD8-F071-441A-A499-C79368212FA0}.Ad-Hoc|iPhoneSimulator.Deploy.0 = Ad-Hoc|iPhoneSimulator
		{60B68BD8-F071-441A-A499-C79368212FA0}.AppStore|Any CPU.ActiveCfg = AppStore|iPhone
		{60B68BD8-F071-441A-A499-C79368212FA0}.AppStore|Any CPU.Build.0 = AppStore|iPhone
		{60B68BD8-F071-441A-A499-C79368212FA0}.AppStore|Any CPU.Deploy.0 = AppStore|iPhone
		{60B68BD8-F071-441A-A499-C79368212FA0}.AppStore|iPhone.ActiveCfg = AppStore|iPhone
		{60B68BD8-F071-441A-A499-C79368212FA0}.AppStore|iPhone.Build.0 = AppStore|iPhone
		{60B68BD8-F071-441A-A499-C79368212FA0}.AppStore|iPhone.Deploy.0 = AppStore|iPhone
		{60B68BD8-F071-441A-A499-C79368212FA0}.AppStore|iPhoneSimulator.ActiveCfg = AppStore|iPhoneSimulator
		{60B68BD8-F071-441A-A499-C79368212FA0}.AppStore|iPhoneSimulator.Build.0 = AppStore|iPhoneSimulator
		{60B68BD8-F071-441A-A499-C79368212FA0}.AppStore|iPhoneSimulator.Deploy.0 = AppStore|iPhoneSimulator
		{60B68BD8-F071-441A-A499-C79368212FA0}.Debug|Any CPU.ActiveCfg = Debug|iPhoneSimulator
		{60B68BD8-F071-441A-A499-C79368212FA0}.Debug|Any CPU.Build.0 = Debug|iPhoneSimulator
		{60B68BD8-F071-441A-A499-C79368212FA0}.Debug|Any CPU.Deploy.0 = Debug|iPhoneSimulator
		{60B68BD8-F071-441A-A499-C79368212FA0}.Debug|iPhone.ActiveCfg = Debug|iPhone
		{60B68BD8-F071-441A-A499-C79368212FA0}.Debug|iPhone.Build.0 = Debug|iPhone
		{60B68BD8-F071-441A-A499-C79368212FA0}.Debug|iPhone.Deploy.0 = Debug|iPhone
		{60B68BD8-F071-441A-A499-C79368212FA0}.Debug|iPhoneSimulator.ActiveCfg = Debug|iPhoneSimulator
		{60B68BD8-F071-441A-A499-C79368212FA0}.Debug|iPhoneSimulator.Build.0 = Debug|iPhoneSimulator
		{60B68BD8-F071-441A-A499-C79368212FA0}.Debug|iPhoneSimulator.Deploy.0 = Debug|iPhoneSimulator
		{60B68BD8-F071-441A-A499-C79368212FA0}.Release|Any CPU.ActiveCfg = Release|iPhone
		{60B68BD8-F071-441A-A499-C79368212FA0}.Release|Any CPU.Build.0 = Release|iPhone
		{60B68BD8-F071-441A-A499-C79368212FA0}.Release|Any CPU.Deploy.0 = Release|iPhone
		{60B68BD8-F071-441A-A499-C79368212FA0}.Release|iPhone.ActiveCfg = Release|iPhone
		{60B68BD8-F071-441A-A499-C79368212FA0}.Release|iPhone.Build.0 = Release|iPhone
		{60B68BD8-F071-441A-A499-C79368212FA0}.Release|iPhone.Deploy.0 = Release|iPhone
		{60B68BD8-F071-441A-A499-C79368212FA0}.Release|iPhoneSimulator.ActiveCfg = Release|iPhoneSimulator
		{60B68BD8-F071-441A-A499-C79368212FA0}.Release|iPhoneSimulator.Build.0 = Release|iPhoneSimulator
		{60B68BD8-F071-441A-A499-C79368212FA0}.Release|iPhoneSimulator.Deploy.0 = Release|iPhoneSimulator
		{47DB2ACA-441A-4743-A544-132F8FEB325E}.Ad-Hoc|Any CPU.ActiveCfg = Debug|Any CPU
		{47DB2ACA-441A-4743-A544-132F8FEB325E}.Ad-Hoc|Any CPU.Build.0 = Debug|Any CPU
		{47DB2ACA-441A-4743-A544-132F8FEB325E}.Ad-Hoc|Any CPU.Deploy.0 = Debug|Any CPU
		{47DB2ACA-441A-4743-A544-132F8FEB325E}.Ad-Hoc|iPhone.ActiveCfg = Debug|Any CPU
		{47DB2ACA-441A-4743-A544-132F8FEB325E}.Ad-Hoc|iPhone.Build.0 = Debug|Any CPU
		{47DB2ACA-441A-4743-A544-132F8FEB325E}.Ad-Hoc|iPhone.Deploy.0 = Debug|Any CPU
		{47DB2ACA-441A-4743-A544-132F8FEB325E}.Ad-Hoc|iPhoneSimulator.ActiveCfg = Debug|Any CPU
		{47DB2ACA-441A-4743-A544-132F8FEB325E}.Ad-Hoc|iPhoneSimulator.Build.0 = Debug|Any CPU
		{47DB2ACA-441A-4743-A544-132F8FEB325E}.Ad-Hoc|iPhoneSimulator.Deploy.0 = Debug|Any CPU
		{47DB2ACA-441A-4743-A544-132F8FEB325E}.AppStore|Any CPU.ActiveCfg = Debug|Any CPU
		{47DB2ACA-441A-4743-A544-132F8FEB325E}.AppStore|Any CPU.Build.0 = Debug|Any CPU
		{47DB2ACA-441A-4743-A544-132F8FEB325E}.AppStore|Any CPU.Deploy.0 = Debug|Any CPU
		{47DB2ACA-441A-4743-A544-132F8FEB325E}.AppStore|iPhone.ActiveCfg = Debug|Any CPU
		{47DB2ACA-441A-4743-A544-132F8FEB325E}.AppStore|iPhone.Build.0 = Debug|Any CPU
		{47DB2ACA-441A-4743-A544-132F8FEB325E}.AppStore|iPhone.Deploy.0 = Debug|Any CPU
		{47DB2ACA-441A-4743-A544-132F8FEB325E}.AppStore|iPhoneSimulator.ActiveCfg = Debug|Any CPU
		{47DB2ACA-441A-4743-A544-132F8FEB325E}.AppStore|iPhoneSimulator.Build.0 = Debug|Any CPU
		{47DB2ACA-441A-4743-A544-132F8FEB325E}.AppStore|iPhoneSimulator.Deploy.0 = Debug|Any CPU
		{47DB2ACA-441A-4743-A544-132F8FEB325E}.Debug|Any CPU.ActiveCfg = Debug|Any CPU
		{47DB2ACA-441A-4743-A544-132F8FEB325E}.Debug|Any CPU.Build.0 = Debug|Any CPU
		{47DB2ACA-441A-4743-A544-132F8FEB325E}.Debug|Any CPU.Deploy.0 = Debug|Any CPU
		{47DB2ACA-441A-4743-A544-132F8FEB325E}.Debug|iPhone.ActiveCfg = Debug|Any CPU
		{47DB2ACA-441A-4743-A544-132F8FEB325E}.Debug|iPhone.Build.0 = Debug|Any CPU
		{47DB2ACA-441A-4743-A544-132F8FEB325E}.Debug|iPhone.Deploy.0 = Debug|Any CPU
		{47DB2ACA-441A-4743-A544-132F8FEB325E}.Debug|iPhoneSimulator.ActiveCfg = Debug|Any CPU
		{47DB2ACA-441A-4743-A544-132F8FEB325E}.Debug|iPhoneSimulator.Build.0 = Debug|Any CPU
		{47DB2ACA-441A-4743-A544-132F8FEB325E}.Debug|iPhoneSimulator.Deploy.0 = Debug|Any CPU
		{47DB2ACA-441A-4743-A544-132F8FEB325E}.Release|Any CPU.ActiveCfg = Release|Any CPU
		{47DB2ACA-441A-4743-A544-132F8FEB325E}.Release|Any CPU.Build.0 = Release|Any CPU
		{47DB2ACA-441A-4743-A544-132F8FEB325E}.Release|Any CPU.Deploy.0 = Release|Any CPU
		{47DB2ACA-441A-4743-A544-132F8FEB325E}.Release|iPhone.ActiveCfg = Release|Any CPU
		{47DB2ACA-441A-4743-A544-132F8FEB325E}.Release|iPhone.Build.0 = Release|Any CPU
		{47DB2ACA-441A-4743-A544-132F8FEB325E}.Release|iPhone.Deploy.0 = Release|Any CPU
		{47DB2ACA-441A-4743-A544-132F8FEB325E}.Release|iPhoneSimulator.ActiveCfg = Release|Any CPU
		{47DB2ACA-441A-4743-A544-132F8FEB325E}.Release|iPhoneSimulator.Build.0 = Release|Any CPU
		{47DB2ACA-441A-4743-A544-132F8FEB325E}.Release|iPhoneSimulator.Deploy.0 = Release|Any CPU
	EndGlobalSection
	GlobalSection(SolutionProperties) = preSolution
		HideSolutionNode = FALSE
	EndGlobalSection
	GlobalSection(ExtensibilityGlobals) = postSolution
		SolutionGuid = {39558290-1AED-40EB-A788-E97B89635447}
	EndGlobalSection
EndGlobal
